
Microsoft Visual Studio Solution File, Format Version 12.00
# Visual Studio Version 17
VisualStudioVersion = 17.0.32126.317
MinimumVisualStudioVersion = 10.0.40219.1
Project("{8BC9CEB8-8B4A-11D0-8D11-00A0C91BC942}") = "Algorithm", "Algorithm\Algorithm.vcxproj", "{C3B30F82-D9A6-4B21-B624-E64925027A52}"
EndProject
Project("{8BC9CEB8-8B4A-11D0-8D11-00A0C91BC942}") = "1463_1로 만들기", "1463_1로 만들기\1463_1로 만들기.vcxproj", "{63AADB7A-3D56-4844-A030-223E9622A026}"
EndProject
Project("{8BC9CEB8-8B4A-11D0-8D11-00A0C91BC942}") = "11726_2xn 타일링", "11726_2xn 타일링\11726_2xn 타일링.vcxproj", "{E274CD91-CC4C-4FAB-B89E-585316B26248}"
EndProject
Project("{8BC9CEB8-8B4A-11D0-8D11-00A0C91BC942}") = "11727_2xn 타일링2", "11727_2xn 타일링2\11727_2xn 타일링2.vcxproj", "{C09A9181-9615-4F51-958F-B21EC31EA966}"
EndProject
Project("{8BC9CEB8-8B4A-11D0-8D11-00A0C91BC942}") = "9095_1,2,3더하기", "9095_1,2,3더하기\9095_1,2,3더하기.vcxproj", "{397C506D-F137-4118-8A20-2512D939A7E4}"
EndProject
Project("{8BC9CEB8-8B4A-11D0-8D11-00A0C91BC942}") = "2108_통계학", "2108_통계학\2108_통계학.vcxproj", "{6312D8B2-16F7-4336-8895-3297F2E90ABD}"
EndProject
Global
	GlobalSection(SolutionConfigurationPlatforms) = preSolution
		Debug|x64 = Debug|x64
		Debug|x86 = Debug|x86
		Release|x64 = Release|x64
		Release|x86 = Release|x86
	EndGlobalSection
	GlobalSection(ProjectConfigurationPlatforms) = postSolution
		{C3B30F82-D9A6-4B21-B624-E64925027A52}.Debug|x64.ActiveCfg = Debug|x64
		{C3B30F82-D9A6-4B21-B624-E64925027A52}.Debug|x64.Build.0 = Debug|x64
		{C3B30F82-D9A6-4B21-B624-E64925027A52}.Debug|x86.ActiveCfg = Debug|Win32
		{C3B30F82-D9A6-4B21-B624-E64925027A52}.Debug|x86.Build.0 = Debug|Win32
		{C3B30F82-D9A6-4B21-B624-E64925027A52}.Release|x64.ActiveCfg = Release|x64
		{C3B30F82-D9A6-4B21-B624-E64925027A52}.Release|x64.Build.0 = Release|x64
		{C3B30F82-D9A6-4B21-B624-E64925027A52}.Release|x86.ActiveCfg = Release|Win32
		{C3B30F82-D9A6-4B21-B624-E64925027A52}.Release|x86.Build.0 = Release|Win32
		{63AADB7A-3D56-4844-A030-223E9622A026}.Debug|x64.ActiveCfg = Debug|x64
		{63AADB7A-3D56-4844-A030-223E9622A026}.Debug|x64.Build.0 = Debug|x64
		{63AADB7A-3D56-4844-A030-223E9622A026}.Debug|x86.ActiveCfg = Debug|Win32
		{63AADB7A-3D56-4844-A030-223E9622A026}.Debug|x86.Build.0 = Debug|Win32
		{63AADB7A-3D56-4844-A030-223E9622A026}.Release|x64.ActiveCfg = Release|x64
		{63AADB7A-3D56-4844-A030-223E9622A026}.Release|x64.Build.0 = Release|x64
		{63AADB7A-3D56-4844-A030-223E9622A026}.Release|x86.ActiveCfg = Release|Win32
		{63AADB7A-3D56-4844-A030-223E9622A026}.Release|x86.Build.0 = Release|Win32
		{E274CD91-CC4C-4FAB-B89E-585316B26248}.Debug|x64.ActiveCfg = Debug|x64
		{E274CD91-CC4C-4FAB-B89E-585316B26248}.Debug|x64.Build.0 = Debug|x64
		{E274CD91-CC4C-4FAB-B89E-585316B26248}.Debug|x86.ActiveCfg = Debug|Win32
		{E274CD91-CC4C-4FAB-B89E-585316B26248}.Debug|x86.Build.0 = Debug|Win32
		{E274CD91-CC4C-4FAB-B89E-585316B26248}.Release|x64.ActiveCfg = Release|x64
		{E274CD91-CC4C-4FAB-B89E-585316B26248}.Release|x64.Build.0 = Release|x64
		{E274CD91-CC4C-4FAB-B89E-585316B26248}.Release|x86.ActiveCfg = Release|Win32
		{E274CD91-CC4C-4FAB-B89E-585316B26248}.Release|x86.Build.0 = Release|Win32
		{C09A9181-9615-4F51-958F-B21EC31EA966}.Debug|x64.ActiveCfg = Debug|x64
		{C09A9181-9615-4F51-958F-B21EC31EA966}.Debug|x64.Build.0 = Debug|x64
		{C09A9181-9615-4F51-958F-B21EC31EA966}.Debug|x86.ActiveCfg = Debug|Win32
		{C09A9181-9615-4F51-958F-B21EC31EA966}.Debug|x86.Build.0 = Debug|Win32
		{C09A9181-9615-4F51-958F-B21EC31EA966}.Release|x64.ActiveCfg = Release|x64
		{C09A9181-9615-4F51-958F-B21EC31EA966}.Release|x64.Build.0 = Release|x64
		{C09A9181-9615-4F51-958F-B21EC31EA966}.Release|x86.ActiveCfg = Release|Win32
		{C09A9181-9615-4F51-958F-B21EC31EA966}.Release|x86.Build.0 = Release|Win32
		{397C506D-F137-4118-8A20-2512D939A7E4}.Debug|x64.ActiveCfg = Debug|x64
		{397C506D-F137-4118-8A20-2512D939A7E4}.Debug|x64.Build.0 = Debug|x64
		{397C506D-F137-4118-8A20-2512D939A7E4}.Debug|x86.ActiveCfg = Debug|Win32
		{397C506D-F137-4118-8A20-2512D939A7E4}.Debug|x86.Build.0 = Debug|Win32
		{397C506D-F137-4118-8A20-2512D939A7E4}.Release|x64.ActiveCfg = Release|x64
		{397C506D-F137-4118-8A20-2512D939A7E4}.Release|x64.Build.0 = Release|x64
		{397C506D-F137-4118-8A20-2512D939A7E4}.Release|x86.ActiveCfg = Release|Win32
		{397C506D-F137-4118-8A20-2512D939A7E4}.Release|x86.Build.0 = Release|Win32
		{6312D8B2-16F7-4336-8895-3297F2E90ABD}.Debug|x64.ActiveCfg = Debug|x64
		{6312D8B2-16F7-4336-8895-3297F2E90ABD}.Debug|x64.Build.0 = Debug|x64
		{6312D8B2-16F7-4336-8895-3297F2E90ABD}.Debug|x86.ActiveCfg = Debug|Win32
		{6312D8B2-16F7-4336-8895-3297F2E90ABD}.Debug|x86.Build.0 = Debug|Win32
		{6312D8B2-16F7-4336-8895-3297F2E90ABD}.Release|x64.ActiveCfg = Release|x64
		{6312D8B2-16F7-4336-8895-3297F2E90ABD}.Release|x64.Build.0 = Release|x64
		{6312D8B2-16F7-4336-8895-3297F2E90ABD}.Release|x86.ActiveCfg = Release|Win32
		{6312D8B2-16F7-4336-8895-3297F2E90ABD}.Release|x86.Build.0 = Release|Win32
	EndGlobalSection
	GlobalSection(SolutionProperties) = preSolution
		HideSolutionNode = FALSE
	EndGlobalSection
	GlobalSection(ExtensibilityGlobals) = postSolution
		SolutionGuid = {E0B5DB16-B1BA-46F1-87C6-DD99FFE03ACD}
	EndGlobalSection
EndGlobal
